<?xml version="1.0" encoding="utf-8"?>
<Project ToolsVersion="4.0" xmlns="http://schemas.microsoft.com/developer/msbuild/2003">
  <ItemGroup>
    <Filter Include="Source Files">
      <UniqueIdentifier>{4FC737F1-C7A5-4376-A066-2A32D752A2FF}</UniqueIdentifier>
      <Extensions>cpp;c;cc;cxx;c++;cppm;ixx;def;odl;idl;hpj;bat;asm;asmx</Extensions>
    </Filter>
    <Filter Include="Header Files">
      <UniqueIdentifier>{93995380-89BD-4b04-88EB-625FBE52EBFB}</UniqueIdentifier>
      <Extensions>h;hh;hpp;hxx;h++;hm;inl;inc;ipp;xsd</Extensions>
    </Filter>
    <Filter Include="Resource Files">
      <UniqueIdentifier>{67DA6AB6-F800-4c08-8B7A-83BB121AAD01}</UniqueIdentifier>
      <Extensions>rc;ico;cur;bmp;dlg;rc2;rct;bin;rgs;gif;jpg;jpeg;jpe;resx;tiff;tif;png;wav;mfcribbon-ms</Extensions>
    </Filter>
  </ItemGroup>
  <ItemGroup>
    <ClCompile Include="..\SimUDuck\SimUDuck.cpp">
      <Filter>Source Files</Filter>
    </ClCompile>
  </ItemGroup>
  <ItemGroup>
    <ClInclude Include="..\SimUDuck\lib\Duck\Dance\DanceMinuet.h">
      <Filter>Header Files</Filter>
    </ClInclude>
    <ClInclude Include="..\SimUDuck\lib\Duck\Dance\DanceNoWay.h">
      <Filter>Header Files</Filter>
    </ClInclude>
    <ClInclude Include="..\SimUDuck\lib\Duck\Dance\DanceWaltz.h">
      <Filter>Header Files</Filter>
    </ClInclude>
    <ClInclude Include="..\SimUDuck\lib\Duck\DecoyDuck.h">
      <Filter>Header Files</Filter>
    </ClInclude>
    <ClInclude Include="..\SimUDuck\lib\Duck\Duck.h">
      <Filter>Header Files</Filter>
    </ClInclude>
    <ClInclude Include="..\SimUDuck\lib\DuckFunctions.h">
      <Filter>Header Files</Filter>
    </ClInclude>
    <ClInclude Include="..\SimUDuck\lib\Duck\Fly\FlyNoWay.h">
      <Filter>Header Files</Filter>
    </ClInclude>
    <ClInclude Include="..\SimUDuck\lib\Duck\Fly\FlyWithWings.h">
      <Filter>Header Files</Filter>
    </ClInclude>
    <ClInclude Include="..\SimUDuck\lib\Duck\Dance\IDanceBehavior.h">
      <Filter>Header Files</Filter>
    </ClInclude>
    <ClInclude Include="..\SimUDuck\lib\Duck\Fly\IFlyBehavior.h">
      <Filter>Header Files</Filter>
    </ClInclude>
    <ClInclude Include="..\SimUDuck\lib\Duck\Quack\IQuakBehavior.h">
      <Filter>Header Files</Filter>
    </ClInclude>
    <ClInclude Include="..\SimUDuck\lib\Duck\MallardDuck.h">
      <Filter>Header Files</Filter>
    </ClInclude>
    <ClInclude Include="..\SimUDuck\lib\Duck\ModelDuck.h">
      <Filter>Header Files</Filter>
    </ClInclude>
    <ClInclude Include="..\SimUDuck\lib\Duck\Quack\MuteQuackBehavior.h">
      <Filter>Header Files</Filter>
    </ClInclude>
    <ClInclude Include="..\SimUDuck\lib\Duck\Quack\QuackBehavior.h">
      <Filter>Header Files</Filter>
    </ClInclude>
    <ClInclude Include="..\SimUDuck\lib\Duck\RedheadDuck.h">
      <Filter>Header Files</Filter>
    </ClInclude>
    <ClInclude Include="..\SimUDuck\lib\Duck\RubberDuck.h">
      <Filter>Header Files</Filter>
    </ClInclude>
    <ClInclude Include="..\SimUDuck\lib\Duck\Quack\SqueakBehavior.h">
      <Filter>Header Files</Filter>
    </ClInclude>
  </ItemGroup>
</Project>